// !$*UTF8*$!
{
	archiveVersion = 1;
	classes = {
	};
	objectVersion = 46;
	objects = {

/* Begin PBXBuildFile section */
		5512514A1E47B3F10059E121 /* CartViewController.swift in Sources */ = {isa = PBXBuildFile; fileRef = 551251491E47B3F10059E121 /* CartViewController.swift */; };
		5512514D1E47B4A60059E121 /* CartTableViewCell.swift in Sources */ = {isa = PBXBuildFile; fileRef = 5512514C1E47B4A60059E121 /* CartTableViewCell.swift */; };
		5512514F1E47C0560059E121 /* ProductRealmObject.swift in Sources */ = {isa = PBXBuildFile; fileRef = 5512514E1E47C0560059E121 /* ProductRealmObject.swift */; };
		551251521E47C40C0059E121 /* CardViewController.swift in Sources */ = {isa = PBXBuildFile; fileRef = 551251511E47C40C0059E121 /* CardViewController.swift */; };
		551251551E47D0E00059E121 /* TransactionRealmObject.swift in Sources */ = {isa = PBXBuildFile; fileRef = 551251541E47D0E00059E121 /* TransactionRealmObject.swift */; };
		557543441E5129C80034E53B /* ApiaryAPI.swift in Sources */ = {isa = PBXBuildFile; fileRef = 557543431E5129C80034E53B /* ApiaryAPI.swift */; };
		557543471E512AC40034E53B /* TransactionEntity.swift in Sources */ = {isa = PBXBuildFile; fileRef = 557543461E512AC40034E53B /* TransactionEntity.swift */; };
		559ED8961E37D42800709CA9 /* AppDelegate.swift in Sources */ = {isa = PBXBuildFile; fileRef = 559ED8951E37D42800709CA9 /* AppDelegate.swift */; };
		559ED8B11E37D55400709CA9 /* Assets.xcassets in Resources */ = {isa = PBXBuildFile; fileRef = 559ED8B01E37D55400709CA9 /* Assets.xcassets */; };
		559ED8B71E37D57F00709CA9 /* LaunchScreen.storyboard in Resources */ = {isa = PBXBuildFile; fileRef = 559ED8B51E37D57F00709CA9 /* LaunchScreen.storyboard */; };
		559ED8B81E37D57F00709CA9 /* Main.storyboard in Resources */ = {isa = PBXBuildFile; fileRef = 559ED8B61E37D57F00709CA9 /* Main.storyboard */; };
		559ED8BC1E37D93C00709CA9 /* ProductEntity.swift in Sources */ = {isa = PBXBuildFile; fileRef = 559ED8BB1E37D93C00709CA9 /* ProductEntity.swift */; };
		559ED8BE1E37D9EC00709CA9 /* DesafioAPI.swift in Sources */ = {isa = PBXBuildFile; fileRef = 559ED8BD1E37D9EC00709CA9 /* DesafioAPI.swift */; };
		559ED8C11E37DB2100709CA9 /* ProductService.swift in Sources */ = {isa = PBXBuildFile; fileRef = 559ED8C01E37DB2100709CA9 /* ProductService.swift */; };
		559ED8C41E37DC3E00709CA9 /* Result.swift in Sources */ = {isa = PBXBuildFile; fileRef = 559ED8C31E37DC3E00709CA9 /* Result.swift */; };
		559ED8CC1E38013200709CA9 /* ProductsViewController.swift in Sources */ = {isa = PBXBuildFile; fileRef = 559ED8CB1E38013200709CA9 /* ProductsViewController.swift */; };
		559ED8CF1E38016700709CA9 /* ProductCollectionViewCell.swift in Sources */ = {isa = PBXBuildFile; fileRef = 559ED8CE1E38016700709CA9 /* ProductCollectionViewCell.swift */; };
		559ED8D21E3801CF00709CA9 /* CellProtocol.swift in Sources */ = {isa = PBXBuildFile; fileRef = 559ED8D11E3801CF00709CA9 /* CellProtocol.swift */; };
		55FA052C1E3FEA48004C3978 /* ProductsViewModel.swift in Sources */ = {isa = PBXBuildFile; fileRef = 55FA052B1E3FEA48004C3978 /* ProductsViewModel.swift */; };
		55FA052E1E3FEA58004C3978 /* ControllersProtocol.swift in Sources */ = {isa = PBXBuildFile; fileRef = 55FA052D1E3FEA58004C3978 /* ControllersProtocol.swift */; };
		55FA05331E3FF3C9004C3978 /* UIViewExtension.swift in Sources */ = {isa = PBXBuildFile; fileRef = 55FA05321E3FF3C9004C3978 /* UIViewExtension.swift */; };
		7C112DCCF189A7339E120C20 /* Pods_desafio_mobile.framework in Frameworks */ = {isa = PBXBuildFile; fileRef = B7F9DFFA5CA7D9314B268DFA /* Pods_desafio_mobile.framework */; };
/* End PBXBuildFile section */

/* Begin PBXFileReference section */
		19A0524714316F926ABD9C21 /* Pods-desafio-mobile.debug.xcconfig */ = {isa = PBXFileReference; includeInIndex = 1; lastKnownFileType = text.xcconfig; name = "Pods-desafio-mobile.debug.xcconfig"; path = "Pods/Target Support Files/Pods-desafio-mobile/Pods-desafio-mobile.debug.xcconfig"; sourceTree = "<group>"; };
		551251491E47B3F10059E121 /* CartViewController.swift */ = {isa = PBXFileReference; fileEncoding = 4; lastKnownFileType = sourcecode.swift; path = CartViewController.swift; sourceTree = "<group>"; };
		5512514C1E47B4A60059E121 /* CartTableViewCell.swift */ = {isa = PBXFileReference; fileEncoding = 4; lastKnownFileType = sourcecode.swift; path = CartTableViewCell.swift; sourceTree = "<group>"; };
		5512514E1E47C0560059E121 /* ProductRealmObject.swift */ = {isa = PBXFileReference; fileEncoding = 4; lastKnownFileType = sourcecode.swift; path = ProductRealmObject.swift; sourceTree = "<group>"; };
		551251511E47C40C0059E121 /* CardViewController.swift */ = {isa = PBXFileReference; fileEncoding = 4; lastKnownFileType = sourcecode.swift; path = CardViewController.swift; sourceTree = "<group>"; };
		551251541E47D0E00059E121 /* TransactionRealmObject.swift */ = {isa = PBXFileReference; fileEncoding = 4; lastKnownFileType = sourcecode.swift; path = TransactionRealmObject.swift; sourceTree = "<group>"; };
		557543431E5129C80034E53B /* ApiaryAPI.swift */ = {isa = PBXFileReference; fileEncoding = 4; lastKnownFileType = sourcecode.swift; path = ApiaryAPI.swift; sourceTree = "<group>"; };
		557543461E512AC40034E53B /* TransactionEntity.swift */ = {isa = PBXFileReference; fileEncoding = 4; lastKnownFileType = sourcecode.swift; path = TransactionEntity.swift; sourceTree = "<group>"; };
		559ED8921E37D42800709CA9 /* desafio-mobile.app */ = {isa = PBXFileReference; explicitFileType = wrapper.application; includeInIndex = 0; path = "desafio-mobile.app"; sourceTree = BUILT_PRODUCTS_DIR; };
		559ED8951E37D42800709CA9 /* AppDelegate.swift */ = {isa = PBXFileReference; lastKnownFileType = sourcecode.swift; path = AppDelegate.swift; sourceTree = "<group>"; };
		559ED8B01E37D55400709CA9 /* Assets.xcassets */ = {isa = PBXFileReference; lastKnownFileType = folder.assetcatalog; path = Assets.xcassets; sourceTree = "<group>"; };
		559ED8B31E37D56B00709CA9 /* Info.plist */ = {isa = PBXFileReference; fileEncoding = 4; lastKnownFileType = text.plist.xml; path = Info.plist; sourceTree = "<group>"; };
		559ED8B51E37D57F00709CA9 /* LaunchScreen.storyboard */ = {isa = PBXFileReference; fileEncoding = 4; lastKnownFileType = file.storyboard; path = LaunchScreen.storyboard; sourceTree = "<group>"; };
		559ED8B61E37D57F00709CA9 /* Main.storyboard */ = {isa = PBXFileReference; fileEncoding = 4; lastKnownFileType = file.storyboard; path = Main.storyboard; sourceTree = "<group>"; };
		559ED8BB1E37D93C00709CA9 /* ProductEntity.swift */ = {isa = PBXFileReference; fileEncoding = 4; lastKnownFileType = sourcecode.swift; path = ProductEntity.swift; sourceTree = "<group>"; };
		559ED8BD1E37D9EC00709CA9 /* DesafioAPI.swift */ = {isa = PBXFileReference; fileEncoding = 4; lastKnownFileType = sourcecode.swift; path = DesafioAPI.swift; sourceTree = "<group>"; };
		559ED8C01E37DB2100709CA9 /* ProductService.swift */ = {isa = PBXFileReference; fileEncoding = 4; lastKnownFileType = sourcecode.swift; path = ProductService.swift; sourceTree = "<group>"; };
		559ED8C31E37DC3E00709CA9 /* Result.swift */ = {isa = PBXFileReference; fileEncoding = 4; lastKnownFileType = sourcecode.swift; path = Result.swift; sourceTree = "<group>"; };
		559ED8CB1E38013200709CA9 /* ProductsViewController.swift */ = {isa = PBXFileReference; fileEncoding = 4; lastKnownFileType = sourcecode.swift; path = ProductsViewController.swift; sourceTree = "<group>"; };
		559ED8CE1E38016700709CA9 /* ProductCollectionViewCell.swift */ = {isa = PBXFileReference; fileEncoding = 4; lastKnownFileType = sourcecode.swift; path = ProductCollectionViewCell.swift; sourceTree = "<group>"; };
		559ED8D11E3801CF00709CA9 /* CellProtocol.swift */ = {isa = PBXFileReference; fileEncoding = 4; lastKnownFileType = sourcecode.swift; path = CellProtocol.swift; sourceTree = "<group>"; };
		55FA052B1E3FEA48004C3978 /* ProductsViewModel.swift */ = {isa = PBXFileReference; fileEncoding = 4; lastKnownFileType = sourcecode.swift; path = ProductsViewModel.swift; sourceTree = "<group>"; };
		55FA052D1E3FEA58004C3978 /* ControllersProtocol.swift */ = {isa = PBXFileReference; fileEncoding = 4; lastKnownFileType = sourcecode.swift; path = ControllersProtocol.swift; sourceTree = "<group>"; };
		55FA05321E3FF3C9004C3978 /* UIViewExtension.swift */ = {isa = PBXFileReference; fileEncoding = 4; lastKnownFileType = sourcecode.swift; path = UIViewExtension.swift; sourceTree = "<group>"; };
		B7F9DFFA5CA7D9314B268DFA /* Pods_desafio_mobile.framework */ = {isa = PBXFileReference; explicitFileType = wrapper.framework; includeInIndex = 0; path = Pods_desafio_mobile.framework; sourceTree = BUILT_PRODUCTS_DIR; };
		B81D15E090A8B7C883D735C5 /* Pods-desafio-mobile.release.xcconfig */ = {isa = PBXFileReference; includeInIndex = 1; lastKnownFileType = text.xcconfig; name = "Pods-desafio-mobile.release.xcconfig"; path = "Pods/Target Support Files/Pods-desafio-mobile/Pods-desafio-mobile.release.xcconfig"; sourceTree = "<group>"; };
/* End PBXFileReference section */

/* Begin PBXFrameworksBuildPhase section */
		559ED88F1E37D42800709CA9 /* Frameworks */ = {
			isa = PBXFrameworksBuildPhase;
			buildActionMask = 2147483647;
			files = (
				7C112DCCF189A7339E120C20 /* Pods_desafio_mobile.framework in Frameworks */,
			);
			runOnlyForDeploymentPostprocessing = 0;
		};
/* End PBXFrameworksBuildPhase section */

/* Begin PBXGroup section */
		551251481E47B3DA0059E121 /* Cart */ = {
			isa = PBXGroup;
			children = (
				5512514B1E47B4920059E121 /* View */,
				551251491E47B3F10059E121 /* CartViewController.swift */,
			);
			path = Cart;
			sourceTree = "<group>";
		};
		5512514B1E47B4920059E121 /* View */ = {
			isa = PBXGroup;
			children = (
				5512514C1E47B4A60059E121 /* CartTableViewCell.swift */,
			);
			path = View;
			sourceTree = "<group>";
		};
		551251501E47C3F20059E121 /* Card */ = {
			isa = PBXGroup;
			children = (
				551251511E47C40C0059E121 /* CardViewController.swift */,
			);
			path = Card;
			sourceTree = "<group>";
		};
		551251531E47D0C60059E121 /* Transaction */ = {
			isa = PBXGroup;
			children = (
				551251541E47D0E00059E121 /* TransactionRealmObject.swift */,
				557543461E512AC40034E53B /* TransactionEntity.swift */,
			);
			path = Transaction;
			sourceTree = "<group>";
		};
		559ED8891E37D42800709CA9 = {
			isa = PBXGroup;
			children = (
				559ED8941E37D42800709CA9 /* desafio-mobile */,
				559ED8931E37D42800709CA9 /* Products */,
				FCFA8F3E99994DA77BA7A0D2 /* Pods */,
				AF1822A554CA824AE7D00972 /* Frameworks */,
			);
			sourceTree = "<group>";
		};
		559ED8931E37D42800709CA9 /* Products */ = {
			isa = PBXGroup;
			children = (
				559ED8921E37D42800709CA9 /* desafio-mobile.app */,
			);
			name = Products;
			sourceTree = "<group>";
		};
		559ED8941E37D42800709CA9 /* desafio-mobile */ = {
			isa = PBXGroup;
			children = (
				559ED8951E37D42800709CA9 /* AppDelegate.swift */,
				559ED8A71E37D48500709CA9 /* Controllers */,
				559ED8AC1E37D4EC00709CA9 /* Views */,
				559ED8A81E37D48C00709CA9 /* Resources */,
				559ED8AB1E37D4A700709CA9 /* Services */,
				559ED8AA1E37D4A200709CA9 /* Models */,
				559ED8AD1E37D4FB00709CA9 /* Utils */,
				559ED8A91E37D49C00709CA9 /* Supporting Files */,
			);
			path = "desafio-mobile";
			sourceTree = "<group>";
		};
		559ED8A71E37D48500709CA9 /* Controllers */ = {
			isa = PBXGroup;
			children = (
				551251501E47C3F20059E121 /* Card */,
				551251481E47B3DA0059E121 /* Cart */,
				559ED8CA1E38011D00709CA9 /* Products */,
			);
			path = Controllers;
			sourceTree = "<group>";
		};
		559ED8A81E37D48C00709CA9 /* Resources */ = {
			isa = PBXGroup;
			children = (
				559ED8AF1E37D51600709CA9 /* Storyboards */,
				559ED8AE1E37D51200709CA9 /* Assets */,
			);
			path = Resources;
			sourceTree = "<group>";
		};
		559ED8A91E37D49C00709CA9 /* Supporting Files */ = {
			isa = PBXGroup;
			children = (
				559ED8B21E37D55900709CA9 /* Base.lproj */,
				559ED8B31E37D56B00709CA9 /* Info.plist */,
			);
			path = "Supporting Files";
			sourceTree = "<group>";
		};
		559ED8AA1E37D4A200709CA9 /* Models */ = {
			isa = PBXGroup;
			children = (
				551251531E47D0C60059E121 /* Transaction */,
				559ED8B91E37D92700709CA9 /* Product */,
			);
			path = Models;
			sourceTree = "<group>";
		};
		559ED8AB1E37D4A700709CA9 /* Services */ = {
			isa = PBXGroup;
			children = (
				559ED8C21E37DC2700709CA9 /* Base */,
				559ED8BF1E37DB0900709CA9 /* ProductService */,
				559ED8BD1E37D9EC00709CA9 /* DesafioAPI.swift */,
				557543431E5129C80034E53B /* ApiaryAPI.swift */,
			);
			path = Services;
			sourceTree = "<group>";
		};
		559ED8AC1E37D4EC00709CA9 /* Views */ = {
			isa = PBXGroup;
			children = (
			);
			path = Views;
			sourceTree = "<group>";
		};
		559ED8AD1E37D4FB00709CA9 /* Utils */ = {
			isa = PBXGroup;
			children = (
				55FA052F1E3FF395004C3978 /* Extensions */,
				559ED8D01E3801BD00709CA9 /* Protocols */,
			);
			path = Utils;
			sourceTree = "<group>";
		};
		559ED8AE1E37D51200709CA9 /* Assets */ = {
			isa = PBXGroup;
			children = (
				559ED8B01E37D55400709CA9 /* Assets.xcassets */,
			);
			path = Assets;
			sourceTree = "<group>";
		};
		559ED8AF1E37D51600709CA9 /* Storyboards */ = {
			isa = PBXGroup;
			children = (
				559ED8B51E37D57F00709CA9 /* LaunchScreen.storyboard */,
				559ED8B61E37D57F00709CA9 /* Main.storyboard */,
			);
			path = Storyboards;
			sourceTree = "<group>";
		};
		559ED8B21E37D55900709CA9 /* Base.lproj */ = {
			isa = PBXGroup;
			children = (
			);
			path = Base.lproj;
			sourceTree = "<group>";
		};
		559ED8B91E37D92700709CA9 /* Product */ = {
			isa = PBXGroup;
			children = (
				559ED8BB1E37D93C00709CA9 /* ProductEntity.swift */,
				5512514E1E47C0560059E121 /* ProductRealmObject.swift */,
			);
			path = Product;
			sourceTree = "<group>";
		};
		559ED8BF1E37DB0900709CA9 /* ProductService */ = {
			isa = PBXGroup;
			children = (
				559ED8C01E37DB2100709CA9 /* ProductService.swift */,
			);
			path = ProductService;
			sourceTree = "<group>";
		};
		559ED8C21E37DC2700709CA9 /* Base */ = {
			isa = PBXGroup;
			children = (
				559ED8C31E37DC3E00709CA9 /* Result.swift */,
			);
			path = Base;
			sourceTree = "<group>";
		};
		559ED8CA1E38011D00709CA9 /* Products */ = {
			isa = PBXGroup;
			children = (
				559ED8CD1E38015400709CA9 /* Views */,
				559ED8CB1E38013200709CA9 /* ProductsViewController.swift */,
				55FA052B1E3FEA48004C3978 /* ProductsViewModel.swift */,
			);
			path = Products;
			sourceTree = "<group>";
		};
		559ED8CD1E38015400709CA9 /* Views */ = {
			isa = PBXGroup;
			children = (
				559ED8CE1E38016700709CA9 /* ProductCollectionViewCell.swift */,
			);
			path = Views;
			sourceTree = "<group>";
		};
		559ED8D01E3801BD00709CA9 /* Protocols */ = {
			isa = PBXGroup;
			children = (
				559ED8D11E3801CF00709CA9 /* CellProtocol.swift */,
				55FA052D1E3FEA58004C3978 /* ControllersProtocol.swift */,
			);
			path = Protocols;
			sourceTree = "<group>";
		};
		55FA052F1E3FF395004C3978 /* Extensions */ = {
			isa = PBXGroup;
			children = (
				55FA05321E3FF3C9004C3978 /* UIViewExtension.swift */,
			);
			name = Extensions;
			path = Extension;
			sourceTree = "<group>";
		};
		AF1822A554CA824AE7D00972 /* Frameworks */ = {
			isa = PBXGroup;
			children = (
				B7F9DFFA5CA7D9314B268DFA /* Pods_desafio_mobile.framework */,
			);
			name = Frameworks;
			sourceTree = "<group>";
		};
		FCFA8F3E99994DA77BA7A0D2 /* Pods */ = {
			isa = PBXGroup;
			children = (
				19A0524714316F926ABD9C21 /* Pods-desafio-mobile.debug.xcconfig */,
				B81D15E090A8B7C883D735C5 /* Pods-desafio-mobile.release.xcconfig */,
			);
			name = Pods;
			sourceTree = "<group>";
		};
/* End PBXGroup section */

/* Begin PBXNativeTarget section */
		559ED8911E37D42800709CA9 /* desafio-mobile */ = {
			isa = PBXNativeTarget;
			buildConfigurationList = 559ED8A41E37D42800709CA9 /* Build configuration list for PBXNativeTarget "desafio-mobile" */;
			buildPhases = (
				74D8E3C55FC16668321373E7 /* [CP] Check Pods Manifest.lock */,
				559ED88E1E37D42800709CA9 /* Sources */,
				559ED88F1E37D42800709CA9 /* Frameworks */,
				559ED8901E37D42800709CA9 /* Resources */,
				52E5A91309D36159A9885F53 /* [CP] Embed Pods Frameworks */,
				4C9C2ABDC01DCCE7A1677A3F /* [CP] Copy Pods Resources */,
			);
			buildRules = (
			);
			dependencies = (
			);
			name = "desafio-mobile";
			productName = "desafio-mobile";
			productReference = 559ED8921E37D42800709CA9 /* desafio-mobile.app */;
			productType = "com.apple.product-type.application";
		};
/* End PBXNativeTarget section */

/* Begin PBXProject section */
		559ED88A1E37D42800709CA9 /* Project object */ = {
			isa = PBXProject;
			attributes = {
				LastSwiftUpdateCheck = 0820;
				LastUpgradeCheck = 0820;
				ORGANIZATIONNAME = Stone;
				TargetAttributes = {
					559ED8911E37D42800709CA9 = {
						CreatedOnToolsVersion = 8.2;
						DevelopmentTeam = K2Q453W5U7;
						ProvisioningStyle = Automatic;
					};
				};
			};
			buildConfigurationList = 559ED88D1E37D42800709CA9 /* Build configuration list for PBXProject "desafio-mobile" */;
			compatibilityVersion = "Xcode 3.2";
			developmentRegion = English;
			hasScannedForEncodings = 0;
			knownRegions = (
				en,
				Base,
			);
			mainGroup = 559ED8891E37D42800709CA9;
			productRefGroup = 559ED8931E37D42800709CA9 /* Products */;
			projectDirPath = "";
			projectRoot = "";
			targets = (
				559ED8911E37D42800709CA9 /* desafio-mobile */,
			);
		};
/* End PBXProject section */

/* Begin PBXResourcesBuildPhase section */
		559ED8901E37D42800709CA9 /* Resources */ = {
			isa = PBXResourcesBuildPhase;
			buildActionMask = 2147483647;
			files = (
				559ED8B71E37D57F00709CA9 /* LaunchScreen.storyboard in Resources */,
				559ED8B11E37D55400709CA9 /* Assets.xcassets in Resources */,
				559ED8B81E37D57F00709CA9 /* Main.storyboard in Resources */,
			);
			runOnlyForDeploymentPostprocessing = 0;
		};
/* End PBXResourcesBuildPhase section */

/* Begin PBXShellScriptBuildPhase section */
		4C9C2ABDC01DCCE7A1677A3F /* [CP] Copy Pods Resources */ = {
			isa = PBXShellScriptBuildPhase;
			buildActionMask = 2147483647;
			files = (
			);
			inputPaths = (
			);
			name = "[CP] Copy Pods Resources";
			outputPaths = (
			);
			runOnlyForDeploymentPostprocessing = 0;
			shellPath = /bin/sh;
			shellScript = "\"${SRCROOT}/Pods/Target Support Files/Pods-desafio-mobile/Pods-desafio-mobile-resources.sh\"\n";
			showEnvVarsInLog = 0;
		};
		52E5A91309D36159A9885F53 /* [CP] Embed Pods Frameworks */ = {
			isa = PBXShellScriptBuildPhase;
			buildActionMask = 2147483647;
			files = (
			);
			inputPaths = (
			);
			name = "[CP] Embed Pods Frameworks";
			outputPaths = (
			);
			runOnlyForDeploymentPostprocessing = 0;
			shellPath = /bin/sh;
			shellScript = "\"${SRCROOT}/Pods/Target Support Files/Pods-desafio-mobile/Pods-desafio-mobile-frameworks.sh\"\n";
			showEnvVarsInLog = 0;
		};
		74D8E3C55FC16668321373E7 /* [CP] Check Pods Manifest.lock */ = {
			isa = PBXShellScriptBuildPhase;
			buildActionMask = 2147483647;
			files = (
			);
			inputPaths = (
			);
			name = "[CP] Check Pods Manifest.lock";
			outputPaths = (
			);
			runOnlyForDeploymentPostprocessing = 0;
			shellPath = /bin/sh;
			shellScript = "diff \"${PODS_ROOT}/../Podfile.lock\" \"${PODS_ROOT}/Manifest.lock\" > /dev/null\nif [ $? != 0 ] ; then\n    # print error to STDERR\n    echo \"error: The sandbox is not in sync with the Podfile.lock. Run 'pod install' or update your CocoaPods installation.\" >&2\n    exit 1\nfi\n";
			showEnvVarsInLog = 0;
		};
/* End PBXShellScriptBuildPhase section */

/* Begin PBXSourcesBuildPhase section */
		559ED88E1E37D42800709CA9 /* Sources */ = {
			isa = PBXSourcesBuildPhase;
			buildActionMask = 2147483647;
			files = (
				55FA052C1E3FEA48004C3978 /* ProductsViewModel.swift in Sources */,
				559ED8CC1E38013200709CA9 /* ProductsViewController.swift in Sources */,
				55FA05331E3FF3C9004C3978 /* UIViewExtension.swift in Sources */,
				559ED8BE1E37D9EC00709CA9 /* DesafioAPI.swift in Sources */,
				5512514A1E47B3F10059E121 /* CartViewController.swift in Sources */,
				551251551E47D0E00059E121 /* TransactionRealmObject.swift in Sources */,
				559ED8CF1E38016700709CA9 /* ProductCollectionViewCell.swift in Sources */,
				559ED8C41E37DC3E00709CA9 /* Result.swift in Sources */,
				557543441E5129C80034E53B /* ApiaryAPI.swift in Sources */,
				55FA052E1E3FEA58004C3978 /* ControllersProtocol.swift in Sources */,
				551251521E47C40C0059E121 /* CardViewController.swift in Sources */,
				559ED8C11E37DB2100709CA9 /* ProductService.swift in Sources */,
				5512514D1E47B4A60059E121 /* CartTableViewCell.swift in Sources */,
				559ED8BC1E37D93C00709CA9 /* ProductEntity.swift in Sources */,
				559ED8961E37D42800709CA9 /* AppDelegate.swift in Sources */,
				557543471E512AC40034E53B /* TransactionEntity.swift in Sources */,
				5512514F1E47C0560059E121 /* ProductRealmObject.swift in Sources */,
				559ED8D21E3801CF00709CA9 /* CellProtocol.swift in Sources */,
			);
			runOnlyForDeploymentPostprocessing = 0;
		};
/* End PBXSourcesBuildPhase section */

/* Begin XCBuildConfiguration section */
		559ED8A21E37D42800709CA9 /* Debug */ = {
			isa = XCBuildConfiguration;
			buildSettings = {
				ALWAYS_SEARCH_USER_PATHS = NO;
				CLANG_ANALYZER_NONNULL = YES;
				CLANG_CXX_LANGUAGE_STANDARD = "gnu++0x";
				CLANG_CXX_LIBRARY = "libc++";
				CLANG_ENABLE_MODULES = YES;
				CLANG_ENABLE_OBJC_ARC = YES;
				CLANG_WARN_BOOL_CONVERSION = YES;
				CLANG_WARN_CONSTANT_CONVERSION = YES;
				CLANG_WARN_DIRECT_OBJC_ISA_USAGE = YES_ERROR;
				CLANG_WARN_DOCUMENTATION_COMMENTS = YES;
				CLANG_WARN_EMPTY_BODY = YES;
				CLANG_WARN_ENUM_CONVERSION = YES;
				CLANG_WARN_INFINITE_RECURSION = YES;
				CLANG_WARN_INT_CONVERSION = YES;
				CLANG_WARN_OBJC_ROOT_CLASS = YES_ERROR;
				CLANG_WARN_SUSPICIOUS_MOVE = YES;
				CLANG_WARN_UNREACHABLE_CODE = YES;
				CLANG_WARN__DUPLICATE_METHOD_MATCH = YES;
				"CODE_SIGN_IDENTITY[sdk=iphoneos*]" = "iPhone Developer";
				COPY_PHASE_STRIP = NO;
				DEBUG_INFORMATION_FORMAT = dwarf;
				ENABLE_STRICT_OBJC_MSGSEND = YES;
				ENABLE_TESTABILITY = YES;
				GCC_C_LANGUAGE_STANDARD = gnu99;
				GCC_DYNAMIC_NO_PIC = NO;
				GCC_NO_COMMON_BLOCKS = YES;
				GCC_OPTIMIZATION_LEVEL = 0;
				GCC_PREPROCESSOR_DEFINITIONS = (
					"DEBUG=1",
					"$(inherited)",
				);
				GCC_WARN_64_TO_32_BIT_CONVERSION = YES;
				GCC_WARN_ABOUT_RETURN_TYPE = YES_ERROR;
				GCC_WARN_UNDECLARED_SELECTOR = YES;
				GCC_WARN_UNINITIALIZED_AUTOS = YES_AGGRESSIVE;
				GCC_WARN_UNUSED_FUNCTION = YES;
				GCC_WARN_UNUSED_VARIABLE = YES;
				IPHONEOS_DEPLOYMENT_TARGET = 10.2;
				MTL_ENABLE_DEBUG_INFO = YES;
				ONLY_ACTIVE_ARCH = YES;
				SDKROOT = iphoneos;
				SWIFT_ACTIVE_COMPILATION_CONDITIONS = DEBUG;
				SWIFT_OPTIMIZATION_LEVEL = "-Onone";
				TARGETED_DEVICE_FAMILY = "1,2";
			};
			name = Debug;
		};
		559ED8A31E37D42800709CA9 /* Release */ = {
			isa = XCBuildConfiguration;
			buildSettings = {
				ALWAYS_SEARCH_USER_PATHS = NO;
				CLANG_ANALYZER_NONNULL = YES;
				CLANG_CXX_LANGUAGE_STANDARD = "gnu++0x";
				CLANG_CXX_LIBRARY = "libc++";
				CLANG_ENABLE_MODULES = YES;
				CLANG_ENABLE_OBJC_ARC = YES;
				CLANG_WARN_BOOL_CONVERSION = YES;
				CLANG_WARN_CONSTANT_CONVERSION = YES;
				CLANG_WARN_DIRECT_OBJC_ISA_USAGE = YES_ERROR;
				CLANG_WARN_DOCUMENTATION_COMMENTS = YES;
				CLANG_WARN_EMPTY_BODY = YES;
				CLANG_WARN_ENUM_CONVERSION = YES;
				CLANG_WARN_INFINITE_RECURSION = YES;
				CLANG_WARN_INT_CONVERSION = YES;
				CLANG_WARN_OBJC_ROOT_CLASS = YES_ERROR;
				CLANG_WARN_SUSPICIOUS_MOVE = YES;
				CLANG_WARN_UNREACHABLE_CODE = YES;
				CLANG_WARN__DUPLICATE_METHOD_MATCH = YES;
				"CODE_SIGN_IDENTITY[sdk=iphoneos*]" = "iPhone Developer";
				COPY_PHASE_STRIP = NO;
				DEBUG_INFORMATION_FORMAT = "dwarf-with-dsym";
				ENABLE_NS_ASSERTIONS = NO;
				ENABLE_STRICT_OBJC_MSGSEND = YES;
				GCC_C_LANGUAGE_STANDARD = gnu99;
				GCC_NO_COMMON_BLOCKS = YES;
				GCC_WARN_64_TO_32_BIT_CONVERSION = YES;
				GCC_WARN_ABOUT_RETURN_TYPE = YES_ERROR;
				GCC_WARN_UNDECLARED_SELECTOR = YES;
				GCC_WARN_UNINITIALIZED_AUTOS = YES_AGGRESSIVE;
				GCC_WARN_UNUSED_FUNCTION = YES;
				GCC_WARN_UNUSED_VARIABLE = YES;
				IPHONEOS_DEPLOYMENT_TARGET = 10.2;
				MTL_ENABLE_DEBUG_INFO = NO;
				SDKROOT = iphoneos;
				SWIFT_OPTIMIZATION_LEVEL = "-Owholemodule";
				TARGETED_DEVICE_FAMILY = "1,2";
				VALIDATE_PRODUCT = YES;
			};
			name = Release;
		};
		559ED8A51E37D42800709CA9 /* Debug */ = {
			isa = XCBuildConfiguration;
			baseConfigurationReference = 19A0524714316F926ABD9C21 /* Pods-desafio-mobile.debug.xcconfig */;
			buildSettings = {
				ASSETCATALOG_COMPILER_APPICON_NAME = AppIcon;
				DEVELOPMENT_TEAM = K2Q453W5U7;
				INFOPLIST_FILE = "$(SRCROOT)/desafio-mobile/Supporting Files/Info.plist";
				IPHONEOS_DEPLOYMENT_TARGET = 9.0;
				LD_RUNPATH_SEARCH_PATHS = "$(inherited) @executable_path/Frameworks";
				PRODUCT_BUNDLE_IDENTIFIER = "br.com.stone.desafio-mobile";
				PRODUCT_NAME = "$(TARGET_NAME)";
				SWIFT_VERSION = 3.0;
			};
			name = Debug;
		};
		559ED8A61E37D42800709CA9 /* Release */ = {
			isa = XCBuildConfiguration;
			baseConfigurationReference = B81D15E090A8B7C883D735C5 /* Pods-desafio-mobile.release.xcconfig */;
			buildSettings = {
				ASSETCATALOG_COMPILER_APPICON_NAME = AppIcon;
				DEVELOPMENT_TEAM = K2Q453W5U7;
				INFOPLIST_FILE = "$(SRCROOT)/desafio-mobile/Supporting Files/Info.plist";
				IPHONEOS_DEPLOYMENT_TARGET = 9.0;
				LD_RUNPATH_SEARCH_PATHS = "$(inherited) @executable_path/Frameworks";
				PRODUCT_BUNDLE_IDENTIFIER = "br.com.stone.desafio-mobile";
				PRODUCT_NAME = "$(TARGET_NAME)";
				SWIFT_VERSION = 3.0;
			};
			name = Release;
		};
/* End XCBuildConfiguration section */

/* Begin XCConfigurationList section */
		559ED88D1E37D42800709CA9 /* Build configuration list for PBXProject "desafio-mobile" */ = {
			isa = XCConfigurationList;
			buildConfigurations = (
				559ED8A21E37D42800709CA9 /* Debug */,
				559ED8A31E37D42800709CA9 /* Release */,
			);
			defaultConfigurationIsVisible = 0;
			defaultConfigurationName = Release;
		};
		559ED8A41E37D42800709CA9 /* Build configuration list for PBXNativeTarget "desafio-mobile" */ = {
			isa = XCConfigurationList;
			buildConfigurations = (
				559ED8A51E37D42800709CA9 /* Debug */,
				559ED8A61E37D42800709CA9 /* Release */,
			);
			defaultConfigurationIsVisible = 0;
			defaultConfigurationName = Release;
		};
/* End XCConfigurationList section */
	};
	rootObject = 559ED88A1E37D42800709CA9 /* Project object */;
}
